// !$*UTF8*$!
{
	archiveVersion = 1;
	classes = {
	};
	objectVersion = 55;
	objects = {

/* Begin PBXBuildFile section */
		6B278692291C4BE000321C01 /* black.png in Resources */ = {isa = PBXBuildFile; fileRef = 6B278691291C4BE000321C01 /* black.png */; };
		6B4BC7E7291FEB0C00433506 /* blue1.png in Resources */ = {isa = PBXBuildFile; fileRef = 6B4BC7E5291FEB0C00433506 /* blue1.png */; };
		6B4BC7E8291FEB0C00433506 /* blue2.png in Resources */ = {isa = PBXBuildFile; fileRef = 6B4BC7E6291FEB0C00433506 /* blue2.png */; };
		6B979A4428A83648001A97C4 /* AboutAppView.swift in Sources */ = {isa = PBXBuildFile; fileRef = 6B979A4328A83648001A97C4 /* AboutAppView.swift */; };
		6B9848AB28A2D1370039B650 /* StartAppView.swift in Sources */ = {isa = PBXBuildFile; fileRef = 6B9848AA28A2D1370039B650 /* StartAppView.swift */; };
		6B98547D28F49227009086A7 /* SettingsView.swift in Sources */ = {isa = PBXBuildFile; fileRef = 6B98547C28F49227009086A7 /* SettingsView.swift */; };
		6B98547F28F49501009086A7 /* AlternateIconView.swift in Sources */ = {isa = PBXBuildFile; fileRef = 6B98547E28F49501009086A7 /* AlternateIconView.swift */; };
		6B98548728F499A9009086A7 /* red.png in Resources */ = {isa = PBXBuildFile; fileRef = 6B98548528F499A9009086A7 /* red.png */; };
		6BF8A06028971FFD00B47E37 /* Bottle_GameApp.swift in Sources */ = {isa = PBXBuildFile; fileRef = 6BF8A05F28971FFD00B47E37 /* Bottle_GameApp.swift */; };
		6BF8A06228971FFD00B47E37 /* ContentView.swift in Sources */ = {isa = PBXBuildFile; fileRef = 6BF8A06128971FFD00B47E37 /* ContentView.swift */; };
		6BF8A06428971FFE00B47E37 /* Assets.xcassets in Resources */ = {isa = PBXBuildFile; fileRef = 6BF8A06328971FFE00B47E37 /* Assets.xcassets */; };
		6BF8A06728971FFE00B47E37 /* Preview Assets.xcassets in Resources */ = {isa = PBXBuildFile; fileRef = 6BF8A06628971FFE00B47E37 /* Preview Assets.xcassets */; };
		6BF8A07128971FFE00B47E37 /* Bottle_GameTests.swift in Sources */ = {isa = PBXBuildFile; fileRef = 6BF8A07028971FFE00B47E37 /* Bottle_GameTests.swift */; };
		6BF8A07B28971FFE00B47E37 /* Bottle_GameUITests.swift in Sources */ = {isa = PBXBuildFile; fileRef = 6BF8A07A28971FFE00B47E37 /* Bottle_GameUITests.swift */; };
		6BF8A07D28971FFE00B47E37 /* Bottle_GameUITestsLaunchTests.swift in Sources */ = {isa = PBXBuildFile; fileRef = 6BF8A07C28971FFE00B47E37 /* Bottle_GameUITestsLaunchTests.swift */; };
/* End PBXBuildFile section */

/* Begin PBXContainerItemProxy section */
		6BF8A06D28971FFE00B47E37 /* PBXContainerItemProxy */ = {
			isa = PBXContainerItemProxy;
			containerPortal = 6BF8A05428971FFD00B47E37 /* Project object */;
			proxyType = 1;
			remoteGlobalIDString = 6BF8A05B28971FFD00B47E37;
			remoteInfo = "Bottle Game";
		};
		6BF8A07728971FFE00B47E37 /* PBXContainerItemProxy */ = {
			isa = PBXContainerItemProxy;
			containerPortal = 6BF8A05428971FFD00B47E37 /* Project object */;
			proxyType = 1;
			remoteGlobalIDString = 6BF8A05B28971FFD00B47E37;
			remoteInfo = "Bottle Game";
		};
/* End PBXContainerItemProxy section */

/* Begin PBXFileReference section */
		6B278691291C4BE000321C01 /* black.png */ = {isa = PBXFileReference; lastKnownFileType = image.png; path = black.png; sourceTree = "<group>"; };
		6B4BC7E5291FEB0C00433506 /* blue1.png */ = {isa = PBXFileReference; lastKnownFileType = image.png; path = blue1.png; sourceTree = "<group>"; };
		6B4BC7E6291FEB0C00433506 /* blue2.png */ = {isa = PBXFileReference; lastKnownFileType = image.png; path = blue2.png; sourceTree = "<group>"; };
		6B979A4328A83648001A97C4 /* AboutAppView.swift */ = {isa = PBXFileReference; lastKnownFileType = sourcecode.swift; path = AboutAppView.swift; sourceTree = "<group>"; };
		6B9848AA28A2D1370039B650 /* StartAppView.swift */ = {isa = PBXFileReference; lastKnownFileType = sourcecode.swift; path = StartAppView.swift; sourceTree = "<group>"; };
		6B98547C28F49227009086A7 /* SettingsView.swift */ = {isa = PBXFileReference; lastKnownFileType = sourcecode.swift; path = SettingsView.swift; sourceTree = "<group>"; };
		6B98547E28F49501009086A7 /* AlternateIconView.swift */ = {isa = PBXFileReference; lastKnownFileType = sourcecode.swift; path = AlternateIconView.swift; sourceTree = "<group>"; };
		6B98548528F499A9009086A7 /* red.png */ = {isa = PBXFileReference; lastKnownFileType = image.png; path = red.png; sourceTree = "<group>"; };
		6BF8A05C28971FFD00B47E37 /* Bottle Game.app */ = {isa = PBXFileReference; explicitFileType = wrapper.application; includeInIndex = 0; path = "Bottle Game.app"; sourceTree = BUILT_PRODUCTS_DIR; };
		6BF8A05F28971FFD00B47E37 /* Bottle_GameApp.swift */ = {isa = PBXFileReference; lastKnownFileType = sourcecode.swift; path = Bottle_GameApp.swift; sourceTree = "<group>"; };
		6BF8A06128971FFD00B47E37 /* ContentView.swift */ = {isa = PBXFileReference; lastKnownFileType = sourcecode.swift; path = ContentView.swift; sourceTree = "<group>"; };
		6BF8A06328971FFE00B47E37 /* Assets.xcassets */ = {isa = PBXFileReference; lastKnownFileType = folder.assetcatalog; path = Assets.xcassets; sourceTree = "<group>"; };
		6BF8A06628971FFE00B47E37 /* Preview Assets.xcassets */ = {isa = PBXFileReference; lastKnownFileType = folder.assetcatalog; path = "Preview Assets.xcassets"; sourceTree = "<group>"; };
		6BF8A06C28971FFE00B47E37 /* Bottle GameTests.xctest */ = {isa = PBXFileReference; explicitFileType = wrapper.cfbundle; includeInIndex = 0; path = "Bottle GameTests.xctest"; sourceTree = BUILT_PRODUCTS_DIR; };
		6BF8A07028971FFE00B47E37 /* Bottle_GameTests.swift */ = {isa = PBXFileReference; lastKnownFileType = sourcecode.swift; path = Bottle_GameTests.swift; sourceTree = "<group>"; };
		6BF8A07628971FFE00B47E37 /* Bottle GameUITests.xctest */ = {isa = PBXFileReference; explicitFileType = wrapper.cfbundle; includeInIndex = 0; path = "Bottle GameUITests.xctest"; sourceTree = BUILT_PRODUCTS_DIR; };
		6BF8A07A28971FFE00B47E37 /* Bottle_GameUITests.swift */ = {isa = PBXFileReference; lastKnownFileType = sourcecode.swift; path = Bottle_GameUITests.swift; sourceTree = "<group>"; };
		6BF8A07C28971FFE00B47E37 /* Bottle_GameUITestsLaunchTests.swift */ = {isa = PBXFileReference; lastKnownFileType = sourcecode.swift; path = Bottle_GameUITestsLaunchTests.swift; sourceTree = "<group>"; };
/* End PBXFileReference section */

/* Begin PBXFrameworksBuildPhase section */
		6BF8A05928971FFD00B47E37 /* Frameworks */ = {
			isa = PBXFrameworksBuildPhase;
			buildActionMask = 2147483647;
			files = (
			);
			runOnlyForDeploymentPostprocessing = 0;
		};
		6BF8A06928971FFE00B47E37 /* Frameworks */ = {
			isa = PBXFrameworksBuildPhase;
			buildActionMask = 2147483647;
			files = (
			);
			runOnlyForDeploymentPostprocessing = 0;
		};
		6BF8A07328971FFE00B47E37 /* Frameworks */ = {
			isa = PBXFrameworksBuildPhase;
			buildActionMask = 2147483647;
			files = (
			);
			runOnlyForDeploymentPostprocessing = 0;
		};
/* End PBXFrameworksBuildPhase section */

/* Begin PBXGroup section */
		6B98548028F496C6009086A7 /* Icons */ = {
			isa = PBXGroup;
			children = (
				6B98548528F499A9009086A7 /* red.png */,
				6B4BC7E5291FEB0C00433506 /* blue1.png */,
				6B4BC7E6291FEB0C00433506 /* blue2.png */,
				6B278691291C4BE000321C01 /* black.png */,
			);
			path = Icons;
			sourceTree = "<group>";
		};
		6BF385A828EDF90F0021C20C /* View */ = {
			isa = PBXGroup;
			children = (
				6B979A4328A83648001A97C4 /* AboutAppView.swift */,
				6B9848AA28A2D1370039B650 /* StartAppView.swift */,
				6B98547C28F49227009086A7 /* SettingsView.swift */,
				6B98547E28F49501009086A7 /* AlternateIconView.swift */,
				6BF8A06128971FFD00B47E37 /* ContentView.swift */,
			);
			path = View;
			sourceTree = "<group>";
		};
		6BF8A05328971FFD00B47E37 = {
			isa = PBXGroup;
			children = (
				6BF8A05E28971FFD00B47E37 /* Bottle Game */,
				6BF8A06F28971FFE00B47E37 /* Bottle GameTests */,
				6BF8A07928971FFE00B47E37 /* Bottle GameUITests */,
				6BF8A05D28971FFD00B47E37 /* Products */,
			);
			sourceTree = "<group>";
		};
		6BF8A05D28971FFD00B47E37 /* Products */ = {
			isa = PBXGroup;
			children = (
				6BF8A05C28971FFD00B47E37 /* Bottle Game.app */,
				6BF8A06C28971FFE00B47E37 /* Bottle GameTests.xctest */,
				6BF8A07628971FFE00B47E37 /* Bottle GameUITests.xctest */,
			);
			name = Products;
			sourceTree = "<group>";
		};
		6BF8A05E28971FFD00B47E37 /* Bottle Game */ = {
			isa = PBXGroup;
			children = (
				6BF8A05F28971FFD00B47E37 /* Bottle_GameApp.swift */,
				6BF385A828EDF90F0021C20C /* View */,
				6B98548028F496C6009086A7 /* Icons */,
				6BF8A06328971FFE00B47E37 /* Assets.xcassets */,
				6BF8A06528971FFE00B47E37 /* Preview Content */,
			);
			path = "Bottle Game";
			sourceTree = "<group>";
		};
		6BF8A06528971FFE00B47E37 /* Preview Content */ = {
			isa = PBXGroup;
			children = (
				6BF8A06628971FFE00B47E37 /* Preview Assets.xcassets */,
			);
			path = "Preview Content";
			sourceTree = "<group>";
		};
		6BF8A06F28971FFE00B47E37 /* Bottle GameTests */ = {
			isa = PBXGroup;
			children = (
				6BF8A07028971FFE00B47E37 /* Bottle_GameTests.swift */,
			);
			path = "Bottle GameTests";
			sourceTree = "<group>";
		};
		6BF8A07928971FFE00B47E37 /* Bottle GameUITests */ = {
			isa = PBXGroup;
			children = (
				6BF8A07A28971FFE00B47E37 /* Bottle_GameUITests.swift */,
				6BF8A07C28971FFE00B47E37 /* Bottle_GameUITestsLaunchTests.swift */,
			);
			path = "Bottle GameUITests";
			sourceTree = "<group>";
		};
/* End PBXGroup section */

/* Begin PBXNativeTarget section */
		6BF8A05B28971FFD00B47E37 /* Bottle Game */ = {
			isa = PBXNativeTarget;
			buildConfigurationList = 6BF8A08028971FFE00B47E37 /* Build configuration list for PBXNativeTarget "Bottle Game" */;
			buildPhases = (
				6BF8A05828971FFD00B47E37 /* Sources */,
				6BF8A05928971FFD00B47E37 /* Frameworks */,
				6BF8A05A28971FFD00B47E37 /* Resources */,
			);
			buildRules = (
			);
			dependencies = (
			);
			name = "Bottle Game";
			productName = "Bottle Game";
			productReference = 6BF8A05C28971FFD00B47E37 /* Bottle Game.app */;
			productType = "com.apple.product-type.application";
		};
		6BF8A06B28971FFE00B47E37 /* Bottle GameTests */ = {
			isa = PBXNativeTarget;
			buildConfigurationList = 6BF8A08328971FFE00B47E37 /* Build configuration list for PBXNativeTarget "Bottle GameTests" */;
			buildPhases = (
				6BF8A06828971FFE00B47E37 /* Sources */,
				6BF8A06928971FFE00B47E37 /* Frameworks */,
				6BF8A06A28971FFE00B47E37 /* Resources */,
			);
			buildRules = (
			);
			dependencies = (
				6BF8A06E28971FFE00B47E37 /* PBXTargetDependency */,
			);
			name = "Bottle GameTests";
			productName = "Bottle GameTests";
			productReference = 6BF8A06C28971FFE00B47E37 /* Bottle GameTests.xctest */;
			productType = "com.apple.product-type.bundle.unit-test";
		};
		6BF8A07528971FFE00B47E37 /* Bottle GameUITests */ = {
			isa = PBXNativeTarget;
			buildConfigurationList = 6BF8A08628971FFE00B47E37 /* Build configuration list for PBXNativeTarget "Bottle GameUITests" */;
			buildPhases = (
				6BF8A07228971FFE00B47E37 /* Sources */,
				6BF8A07328971FFE00B47E37 /* Frameworks */,
				6BF8A07428971FFE00B47E37 /* Resources */,
			);
			buildRules = (
			);
			dependencies = (
				6BF8A07828971FFE00B47E37 /* PBXTargetDependency */,
			);
			name = "Bottle GameUITests";
			productName = "Bottle GameUITests";
			productReference = 6BF8A07628971FFE00B47E37 /* Bottle GameUITests.xctest */;
			productType = "com.apple.product-type.bundle.ui-testing";
		};
/* End PBXNativeTarget section */

/* Begin PBXProject section */
		6BF8A05428971FFD00B47E37 /* Project object */ = {
			isa = PBXProject;
			attributes = {
				BuildIndependentTargetsInParallel = 1;
				LastSwiftUpdateCheck = 1340;
				LastUpgradeCheck = 1340;
				TargetAttributes = {
					6BF8A05B28971FFD00B47E37 = {
						CreatedOnToolsVersion = 13.4.1;
					};
					6BF8A06B28971FFE00B47E37 = {
						CreatedOnToolsVersion = 13.4.1;
						TestTargetID = 6BF8A05B28971FFD00B47E37;
					};
					6BF8A07528971FFE00B47E37 = {
						CreatedOnToolsVersion = 13.4.1;
						TestTargetID = 6BF8A05B28971FFD00B47E37;
					};
				};
			};
			buildConfigurationList = 6BF8A05728971FFD00B47E37 /* Build configuration list for PBXProject "Bottle Game" */;
			compatibilityVersion = "Xcode 13.0";
			developmentRegion = en;
			hasScannedForEncodings = 0;
			knownRegions = (
				en,
				Base,
			);
			mainGroup = 6BF8A05328971FFD00B47E37;
			productRefGroup = 6BF8A05D28971FFD00B47E37 /* Products */;
			projectDirPath = "";
			projectRoot = "";
			targets = (
				6BF8A05B28971FFD00B47E37 /* Bottle Game */,
				6BF8A06B28971FFE00B47E37 /* Bottle GameTests */,
				6BF8A07528971FFE00B47E37 /* Bottle GameUITests */,
			);
		};
/* End PBXProject section */

/* Begin PBXResourcesBuildPhase section */
		6BF8A05A28971FFD00B47E37 /* Resources */ = {
			isa = PBXResourcesBuildPhase;
			buildActionMask = 2147483647;
			files = (
				6B4BC7E7291FEB0C00433506 /* blue1.png in Resources */,
				6B98548728F499A9009086A7 /* red.png in Resources */,
				6B4BC7E8291FEB0C00433506 /* blue2.png in Resources */,
				6B278692291C4BE000321C01 /* black.png in Resources */,
				6BF8A06728971FFE00B47E37 /* Preview Assets.xcassets in Resources */,
				6BF8A06428971FFE00B47E37 /* Assets.xcassets in Resources */,
			);
			runOnlyForDeploymentPostprocessing = 0;
		};
		6BF8A06A28971FFE00B47E37 /* Resources */ = {
			isa = PBXResourcesBuildPhase;
			buildActionMask = 2147483647;
			files = (
			);
			runOnlyForDeploymentPostprocessing = 0;
		};
		6BF8A07428971FFE00B47E37 /* Resources */ = {
			isa = PBXResourcesBuildPhase;
			buildActionMask = 2147483647;
			files = (
			);
			runOnlyForDeploymentPostprocessing = 0;
		};
/* End PBXResourcesBuildPhase section */

/* Begin PBXSourcesBuildPhase section */
		6BF8A05828971FFD00B47E37 /* Sources */ = {
			isa = PBXSourcesBuildPhase;
			buildActionMask = 2147483647;
			files = (
				6B98547D28F49227009086A7 /* SettingsView.swift in Sources */,
				6B979A4428A83648001A97C4 /* AboutAppView.swift in Sources */,
				6BF8A06228971FFD00B47E37 /* ContentView.swift in Sources */,
				6BF8A06028971FFD00B47E37 /* Bottle_GameApp.swift in Sources */,
				6B98547F28F49501009086A7 /* AlternateIconView.swift in Sources */,
				6B9848AB28A2D1370039B650 /* StartAppView.swift in Sources */,
			);
			runOnlyForDeploymentPostprocessing = 0;
		};
		6BF8A06828971FFE00B47E37 /* Sources */ = {
			isa = PBXSourcesBuildPhase;
			buildActionMask = 2147483647;
			files = (
				6BF8A07128971FFE00B47E37 /* Bottle_GameTests.swift in Sources */,
			);
			runOnlyForDeploymentPostprocessing = 0;
		};
		6BF8A07228971FFE00B47E37 /* Sources */ = {
			isa = PBXSourcesBuildPhase;
			buildActionMask = 2147483647;
			files = (
				6BF8A07D28971FFE00B47E37 /* Bottle_GameUITestsLaunchTests.swift in Sources */,
				6BF8A07B28971FFE00B47E37 /* Bottle_GameUITests.swift in Sources */,
			);
			runOnlyForDeploymentPostprocessing = 0;
		};
/* End PBXSourcesBuildPhase section */

/* Begin PBXTargetDependency section */
		6BF8A06E28971FFE00B47E37 /* PBXTargetDependency */ = {
			isa = PBXTargetDependency;
			target = 6BF8A05B28971FFD00B47E37 /* Bottle Game */;
			targetProxy = 6BF8A06D28971FFE00B47E37 /* PBXContainerItemProxy */;
		};
		6BF8A07828971FFE00B47E37 /* PBXTargetDependency */ = {
			isa = PBXTargetDependency;
			target = 6BF8A05B28971FFD00B47E37 /* Bottle Game */;
			targetProxy = 6BF8A07728971FFE00B47E37 /* PBXContainerItemProxy */;
		};
/* End PBXTargetDependency section */

/* Begin XCBuildConfiguration section */
		6BF8A07E28971FFE00B47E37 /* Debug */ = {
			isa = XCBuildConfiguration;
			buildSettings = {
				ALWAYS_SEARCH_USER_PATHS = NO;
				CLANG_ANALYZER_NONNULL = YES;
				CLANG_ANALYZER_NUMBER_OBJECT_CONVERSION = YES_AGGRESSIVE;
				CLANG_CXX_LANGUAGE_STANDARD = "gnu++17";
				CLANG_ENABLE_MODULES = YES;
				CLANG_ENABLE_OBJC_ARC = YES;
				CLANG_ENABLE_OBJC_WEAK = YES;
				CLANG_WARN_BLOCK_CAPTURE_AUTORELEASING = YES;
				CLANG_WARN_BOOL_CONVERSION = YES;
				CLANG_WARN_COMMA = YES;
				CLANG_WARN_CONSTANT_CONVERSION = YES;
				CLANG_WARN_DEPRECATED_OBJC_IMPLEMENTATIONS = YES;
				CLANG_WARN_DIRECT_OBJC_ISA_USAGE = YES_ERROR;
				CLANG_WARN_DOCUMENTATION_COMMENTS = YES;
				CLANG_WARN_EMPTY_BODY = YES;
				CLANG_WARN_ENUM_CONVERSION = YES;
				CLANG_WARN_INFINITE_RECURSION = YES;
				CLANG_WARN_INT_CONVERSION = YES;
				CLANG_WARN_NON_LITERAL_NULL_CONVERSION = YES;
				CLANG_WARN_OBJC_IMPLICIT_RETAIN_SELF = YES;
				CLANG_WARN_OBJC_LITERAL_CONVERSION = YES;
				CLANG_WARN_OBJC_ROOT_CLASS = YES_ERROR;
				CLANG_WARN_QUOTED_INCLUDE_IN_FRAMEWORK_HEADER = YES;
				CLANG_WARN_RANGE_LOOP_ANALYSIS = YES;
				CLANG_WARN_STRICT_PROTOTYPES = YES;
				CLANG_WARN_SUSPICIOUS_MOVE = YES;
				CLANG_WARN_UNGUARDED_AVAILABILITY = YES_AGGRESSIVE;
				CLANG_WARN_UNREACHABLE_CODE = YES;
				CLANG_WARN__DUPLICATE_METHOD_MATCH = YES;
				COPY_PHASE_STRIP = NO;
				DEBUG_INFORMATION_FORMAT = dwarf;
				ENABLE_STRICT_OBJC_MSGSEND = YES;
				ENABLE_TESTABILITY = YES;
				GCC_C_LANGUAGE_STANDARD = gnu11;
				GCC_DYNAMIC_NO_PIC = NO;
				GCC_NO_COMMON_BLOCKS = YES;
				GCC_OPTIMIZATION_LEVEL = 0;
				GCC_PREPROCESSOR_DEFINITIONS = (
					"DEBUG=1",
					"$(inherited)",
				);
				GCC_WARN_64_TO_32_BIT_CONVERSION = YES;
				GCC_WARN_ABOUT_RETURN_TYPE = YES_ERROR;
				GCC_WARN_UNDECLARED_SELECTOR = YES;
				GCC_WARN_UNINITIALIZED_AUTOS = YES_AGGRESSIVE;
				GCC_WARN_UNUSED_FUNCTION = YES;
				GCC_WARN_UNUSED_VARIABLE = YES;
				IPHONEOS_DEPLOYMENT_TARGET = 15.5;
				MTL_ENABLE_DEBUG_INFO = INCLUDE_SOURCE;
				MTL_FAST_MATH = YES;
				ONLY_ACTIVE_ARCH = YES;
				SDKROOT = iphoneos;
				SWIFT_ACTIVE_COMPILATION_CONDITIONS = DEBUG;
				SWIFT_OPTIMIZATION_LEVEL = "-Onone";
			};
			name = Debug;
		};
		6BF8A07F28971FFE00B47E37 /* Release */ = {
			isa = XCBuildConfiguration;
			buildSettings = {
				ALWAYS_SEARCH_USER_PATHS = NO;
				CLANG_ANALYZER_NONNULL = YES;
				CLANG_ANALYZER_NUMBER_OBJECT_CONVERSION = YES_AGGRESSIVE;
				CLANG_CXX_LANGUAGE_STANDARD = "gnu++17";
				CLANG_ENABLE_MODULES = YES;
				CLANG_ENABLE_OBJC_ARC = YES;
				CLANG_ENABLE_OBJC_WEAK = YES;
				CLANG_WARN_BLOCK_CAPTURE_AUTORELEASING = YES;
				CLANG_WARN_BOOL_CONVERSION = YES;
				CLANG_WARN_COMMA = YES;
				CLANG_WARN_CONSTANT_CONVERSION = YES;
				CLANG_WARN_DEPRECATED_OBJC_IMPLEMENTATIONS = YES;
				CLANG_WARN_DIRECT_OBJC_ISA_USAGE = YES_ERROR;
				CLANG_WARN_DOCUMENTATION_COMMENTS = YES;
				CLANG_WARN_EMPTY_BODY = YES;
				CLANG_WARN_ENUM_CONVERSION = YES;
				CLANG_WARN_INFINITE_RECURSION = YES;
				CLANG_WARN_INT_CONVERSION = YES;
				CLANG_WARN_NON_LITERAL_NULL_CONVERSION = YES;
				CLANG_WARN_OBJC_IMPLICIT_RETAIN_SELF = YES;
				CLANG_WARN_OBJC_LITERAL_CONVERSION = YES;
				CLANG_WARN_OBJC_ROOT_CLASS = YES_ERROR;
				CLANG_WARN_QUOTED_INCLUDE_IN_FRAMEWORK_HEADER = YES;
				CLANG_WARN_RANGE_LOOP_ANALYSIS = YES;
				CLANG_WARN_STRICT_PROTOTYPES = YES;
				CLANG_WARN_SUSPICIOUS_MOVE = YES;
				CLANG_WARN_UNGUARDED_AVAILABILITY = YES_AGGRESSIVE;
				CLANG_WARN_UNREACHABLE_CODE = YES;
				CLANG_WARN__DUPLICATE_METHOD_MATCH = YES;
				COPY_PHASE_STRIP = NO;
				DEBUG_INFORMATION_FORMAT = "dwarf-with-dsym";
				ENABLE_NS_ASSERTIONS = NO;
				ENABLE_STRICT_OBJC_MSGSEND = YES;
				GCC_C_LANGUAGE_STANDARD = gnu11;
				GCC_NO_COMMON_BLOCKS = YES;
				GCC_WARN_64_TO_32_BIT_CONVERSION = YES;
				GCC_WARN_ABOUT_RETURN_TYPE = YES_ERROR;
				GCC_WARN_UNDECLARED_SELECTOR = YES;
				GCC_WARN_UNINITIALIZED_AUTOS = YES_AGGRESSIVE;
				GCC_WARN_UNUSED_FUNCTION = YES;
				GCC_WARN_UNUSED_VARIABLE = YES;
				IPHONEOS_DEPLOYMENT_TARGET = 15.5;
				MTL_ENABLE_DEBUG_INFO = NO;
				MTL_FAST_MATH = YES;
				SDKROOT = iphoneos;
				SWIFT_COMPILATION_MODE = wholemodule;
				SWIFT_OPTIMIZATION_LEVEL = "-O";
				VALIDATE_PRODUCT = YES;
			};
			name = Release;
		};
		6BF8A08128971FFE00B47E37 /* Debug */ = {
			isa = XCBuildConfiguration;
			buildSettings = {
				ASSETCATALOG_COMPILER_APPICON_NAME = AppIcon;
				ASSETCATALOG_COMPILER_GLOBAL_ACCENT_COLOR_NAME = AccentColor;
				ASSETCATALOG_COMPILER_INCLUDE_ALL_APPICON_ASSETS = YES;
				CODE_SIGN_IDENTITY = "Apple Development";
				CODE_SIGN_STYLE = Automatic;
				CURRENT_PROJECT_VERSION = 1;
				DEVELOPMENT_ASSET_PATHS = "\"Bottle Game/Preview Content\"";
				DEVELOPMENT_TEAM = 7X87RPFKRJ;
				ENABLE_PREVIEWS = YES;
				GENERATE_INFOPLIST_FILE = YES;
				INFOPLIST_FILE = "Bottle-Game-Info.plist";
				INFOPLIST_KEY_UIApplicationSceneManifest_Generation = YES;
				INFOPLIST_KEY_UIApplicationSupportsIndirectInputEvents = YES;
				INFOPLIST_KEY_UIRequiresFullScreen = NO;
				INFOPLIST_KEY_UIStatusBarStyle = "";
				INFOPLIST_KEY_UISupportedInterfaceOrientations = UIInterfaceOrientationPortrait;
				INFOPLIST_KEY_UISupportedInterfaceOrientations_iPad = "UIInterfaceOrientationLandscapeLeft UIInterfaceOrientationLandscapeRight UIInterfaceOrientationPortrait UIInterfaceOrientationPortraitUpsideDown";
				IPHONEOS_DEPLOYMENT_TARGET = 15.0;
				LD_RUNPATH_SEARCH_PATHS = (
					"$(inherited)",
					"@executable_path/Frameworks",
				);
				MARKETING_VERSION = 1.0.1;
				PRODUCT_BUNDLE_IDENTIFIER = "com.landmark.Bottle-Game-1";
				PRODUCT_NAME = "$(TARGET_NAME)";
				PROVISIONING_PROFILE_SPECIFIER = "";
				SWIFT_EMIT_LOC_STRINGS = YES;
				SWIFT_VERSION = 5.0;
				TARGETED_DEVICE_FAMILY = "1,2";
			};
			name = Debug;
		};
		6BF8A08228971FFE00B47E37 /* Release */ = {
			isa = XCBuildConfiguration;
			buildSettings = {
				ASSETCATALOG_COMPILER_APPICON_NAME = AppIcon;
				ASSETCATALOG_COMPILER_GLOBAL_ACCENT_COLOR_NAME = AccentColor;
				ASSETCATALOG_COMPILER_INCLUDE_ALL_APPICON_ASSETS = YES;
				CODE_SIGN_IDENTITY = "Apple Development";
				CODE_SIGN_STYLE = Automatic;
				CURRENT_PROJECT_VERSION = 1;
				DEVELOPMENT_ASSET_PATHS = "\"Bottle Game/Preview Content\"";
				DEVELOPMENT_TEAM = 7X87RPFKRJ;
				ENABLE_PREVIEWS = YES;
				GENERATE_INFOPLIST_FILE = YES;
				INFOPLIST_FILE = "Bottle-Game-Info.plist";
				INFOPLIST_KEY_UIApplicationSceneManifest_Generation = YES;
				INFOPLIST_KEY_UIApplicationSupportsIndirectInputEvents = YES;
				INFOPLIST_KEY_UIRequiresFullScreen = NO;
				INFOPLIST_KEY_UIStatusBarStyle = "";
				INFOPLIST_KEY_UISupportedInterfaceOrientations = UIInterfaceOrientationPortrait;
				INFOPLIST_KEY_UISupportedInterfaceOrientations_iPad = "UIInterfaceOrientationLandscapeLeft UIInterfaceOrientationLandscapeRight UIInterfaceOrientationPortrait UIInterfaceOrientationPortraitUpsideDown";
				IPHONEOS_DEPLOYMENT_TARGET = 15.0;
				LD_RUNPATH_SEARCH_PATHS = (
					"$(inherited)",
					"@executable_path/Frameworks",
				);
				MARKETING_VERSION = 1.0.1;
				PRODUCT_BUNDLE_IDENTIFIER = "com.landmark.Bottle-Game-1";
				PRODUCT_NAME = "$(TARGET_NAME)";
				PROVISIONING_PROFILE_SPECIFIER = "";
				SWIFT_EMIT_LOC_STRINGS = YES;
				SWIFT_VERSION = 5.0;
				TARGETED_DEVICE_FAMILY = "1,2";
			};
			name = Release;
		};
		6BF8A08428971FFE00B47E37 /* Debug */ = {
			isa = XCBuildConfiguration;
			buildSettings = {
				ALWAYS_EMBED_SWIFT_STANDARD_LIBRARIES = YES;
				BUNDLE_LOADER = "$(TEST_HOST)";
				CODE_SIGN_STYLE = Automatic;
				CURRENT_PROJECT_VERSION = 1;
				GENERATE_INFOPLIST_FILE = YES;
				IPHONEOS_DEPLOYMENT_TARGET = 15.5;
				MARKETING_VERSION = 1.0;
				PRODUCT_BUNDLE_IDENTIFIER = "com.landmark.Bottle-GameTests";
				PRODUCT_NAME = "$(TARGET_NAME)";
				SWIFT_EMIT_LOC_STRINGS = NO;
				SWIFT_VERSION = 5.0;
				TARGETED_DEVICE_FAMILY = "1,2";
				TEST_HOST = "$(BUILT_PRODUCTS_DIR)/Bottle Game.app/Bottle Game";
			};
			name = Debug;
		};
		6BF8A08528971FFE00B47E37 /* Release */ = {
			isa = XCBuildConfiguration;
			buildSettings = {
				ALWAYS_EMBED_SWIFT_STANDARD_LIBRARIES = YES;
				BUNDLE_LOADER = "$(TEST_HOST)";
				CODE_SIGN_STYLE = Automatic;
				CURRENT_PROJECT_VERSION = 1;
				GENERATE_INFOPLIST_FILE = YES;
				IPHONEOS_DEPLOYMENT_TARGET = 15.5;
				MARKETING_VERSION = 1.0;
				PRODUCT_BUNDLE_IDENTIFIER = "com.landmark.Bottle-GameTests";
				PRODUCT_NAME = "$(TARGET_NAME)";
				SWIFT_EMIT_LOC_STRINGS = NO;
				SWIFT_VERSION = 5.0;
				TARGETED_DEVICE_FAMILY = "1,2";
				TEST_HOST = "$(BUILT_PRODUCTS_DIR)/Bottle Game.app/Bottle Game";
			};
			name = Release;
		};
		6BF8A08728971FFE00B47E37 /* Debug */ = {
			isa = XCBuildConfiguration;
			buildSettings = {
				ALWAYS_EMBED_SWIFT_STANDARD_LIBRARIES = YES;
				CODE_SIGN_STYLE = Automatic;
				CURRENT_PROJECT_VERSION = 1;
				GENERATE_INFOPLIST_FILE = YES;
				MARKETING_VERSION = 1.0;
				PRODUCT_BUNDLE_IDENTIFIER = "com.landmark.Bottle-GameUITests";
				PRODUCT_NAME = "$(TARGET_NAME)";
				SWIFT_EMIT_LOC_STRINGS = NO;
				SWIFT_VERSION = 5.0;
				TARGETED_DEVICE_FAMILY = "1,2";
				TEST_TARGET_NAME = "Bottle Game";
			};
			name = Debug;
		};
		6BF8A08828971FFE00B47E37 /* Release */ = {
			isa = XCBuildConfiguration;
			buildSettings = {
				ALWAYS_EMBED_SWIFT_STANDARD_LIBRARIES = YES;
				CODE_SIGN_STYLE = Automatic;
				CURRENT_PROJECT_VERSION = 1;
				GENERATE_INFOPLIST_FILE = YES;
				MARKETING_VERSION = 1.0;
				PRODUCT_BUNDLE_IDENTIFIER = "com.landmark.Bottle-GameUITests";
				PRODUCT_NAME = "$(TARGET_NAME)";
				SWIFT_EMIT_LOC_STRINGS = NO;
				SWIFT_VERSION = 5.0;
				TARGETED_DEVICE_FAMILY = "1,2";
				TEST_TARGET_NAME = "Bottle Game";
			};
			name = Release;
		};
/* End XCBuildConfiguration section */

/* Begin XCConfigurationList section */
		6BF8A05728971FFD00B47E37 /* Build configuration list for PBXProject "Bottle Game" */ = {
			isa = XCConfigurationList;
			buildConfigurations = (
				6BF8A07E28971FFE00B47E37 /* Debug */,
				6BF8A07F28971FFE00B47E37 /* Release */,
			);
			defaultConfigurationIsVisible = 0;
			defaultConfigurationName = Release;
		};
		6BF8A08028971FFE00B47E37 /* Build configuration list for PBXNativeTarget "Bottle Game" */ = {
			isa = XCConfigurationList;
			buildConfigurations = (
				6BF8A08128971FFE00B47E37 /* Debug */,
				6BF8A08228971FFE00B47E37 /* Release */,
			);
			defaultConfigurationIsVisible = 0;
			defaultConfigurationName = Release;
		};
		6BF8A08328971FFE00B47E37 /* Build configuration list for PBXNativeTarget "Bottle GameTests" */ = {
			isa = XCConfigurationList;
			buildConfigurations = (
				6BF8A08428971FFE00B47E37 /* Debug */,
				6BF8A08528971FFE00B47E37 /* Release */,
			);
			defaultConfigurationIsVisible = 0;
			defaultConfigurationName = Release;
		};
		6BF8A08628971FFE00B47E37 /* Build configuration list for PBXNativeTarget "Bottle GameUITests" */ = {
			isa = XCConfigurationList;
			buildConfigurations = (
				6BF8A08728971FFE00B47E37 /* Debug */,
				6BF8A08828971FFE00B47E37 /* Release */,
			);
			defaultConfigurationIsVisible = 0;
			defaultConfigurationName = Release;
		};
/* End XCConfigurationList section */
	};
	rootObject = 6BF8A05428971FFD00B47E37 /* Project object */;
}
